// !$*UTF8*$!
{
	archiveVersion = 1;
	classes = {
	};
	objectVersion = 46;
	objects = {

/* Begin PBXBuildFile section */
		5E106ADD1B330C6200554F74 /* WeekDayCollectionViewCell.m in Sources */ = {isa = PBXBuildFile; fileRef = 5E106ADC1B330C6200554F74 /* WeekDayCollectionViewCell.m */; };
		5E106ADF1B3313B600554F74 /* WeekDayCollectionViewCell.xib in Resources */ = {isa = PBXBuildFile; fileRef = 5E106ADE1B3313B600554F74 /* WeekDayCollectionViewCell.xib */; };
		5E106AE11B33151600554F74 /* EventCollectionViewCell.xib in Resources */ = {isa = PBXBuildFile; fileRef = 5E106AE01B33151600554F74 /* EventCollectionViewCell.xib */; };
		5E106AE41B33153700554F74 /* EventCollectionViewCell.m in Sources */ = {isa = PBXBuildFile; fileRef = 5E106AE31B33153700554F74 /* EventCollectionViewCell.m */; };
		5E45D2141B3201340029B420 /* main.m in Sources */ = {isa = PBXBuildFile; fileRef = 5E45D2131B3201340029B420 /* main.m */; };
		5E45D2171B3201340029B420 /* AppDelegate.m in Sources */ = {isa = PBXBuildFile; fileRef = 5E45D2161B3201340029B420 /* AppDelegate.m */; };
		5E45D21A1B3201340029B420 /* ViewController.m in Sources */ = {isa = PBXBuildFile; fileRef = 5E45D2191B3201340029B420 /* ViewController.m */; };
		5E45D21D1B3201340029B420 /* Main.storyboard in Resources */ = {isa = PBXBuildFile; fileRef = 5E45D21B1B3201340029B420 /* Main.storyboard */; };
		5E45D21F1B3201340029B420 /* Images.xcassets in Resources */ = {isa = PBXBuildFile; fileRef = 5E45D21E1B3201340029B420 /* Images.xcassets */; };
		5E45D2221B3201340029B420 /* LaunchScreen.xib in Resources */ = {isa = PBXBuildFile; fileRef = 5E45D2201B3201340029B420 /* LaunchScreen.xib */; };
		5E45D22E1B3201340029B420 /* TimetableCollectionViewTests.m in Sources */ = {isa = PBXBuildFile; fileRef = 5E45D22D1B3201340029B420 /* TimetableCollectionViewTests.m */; };
		5E45D2391B320E5F0029B420 /* TimetableCollectionViewLayout.m in Sources */ = {isa = PBXBuildFile; fileRef = 5E45D2381B320E5F0029B420 /* TimetableCollectionViewLayout.m */; };
		5EEC1AA71B33AB0C00DEE149 /* RightPadding10UILabel.m in Sources */ = {isa = PBXBuildFile; fileRef = 5EEC1AA61B33AB0C00DEE149 /* RightPadding10UILabel.m */; };
		5EF3636C1B34562F008AD563 /* NavViewController.m in Sources */ = {isa = PBXBuildFile; fileRef = 5EF3636B1B34562F008AD563 /* NavViewController.m */; };
/* End PBXBuildFile section */

/* Begin PBXContainerItemProxy section */
		5E45D2281B3201340029B420 /* PBXContainerItemProxy */ = {
			isa = PBXContainerItemProxy;
			containerPortal = 5E45D2061B3201340029B420 /* Project object */;
			proxyType = 1;
			remoteGlobalIDString = 5E45D20D1B3201340029B420;
			remoteInfo = TimetableCollectionView;
		};
/* End PBXContainerItemProxy section */

/* Begin PBXFileReference section */
		5E106ADB1B330C6200554F74 /* WeekDayCollectionViewCell.h */ = {isa = PBXFileReference; fileEncoding = 4; lastKnownFileType = sourcecode.c.h; path = WeekDayCollectionViewCell.h; sourceTree = "<group>"; };
		5E106ADC1B330C6200554F74 /* WeekDayCollectionViewCell.m */ = {isa = PBXFileReference; fileEncoding = 4; lastKnownFileType = sourcecode.c.objc; path = WeekDayCollectionViewCell.m; sourceTree = "<group>"; };
		5E106ADE1B3313B600554F74 /* WeekDayCollectionViewCell.xib */ = {isa = PBXFileReference; fileEncoding = 4; lastKnownFileType = file.xib; path = WeekDayCollectionViewCell.xib; sourceTree = "<group>"; };
		5E106AE01B33151600554F74 /* EventCollectionViewCell.xib */ = {isa = PBXFileReference; fileEncoding = 4; lastKnownFileType = file.xib; path = EventCollectionViewCell.xib; sourceTree = "<group>"; };
		5E106AE21B33153700554F74 /* EventCollectionViewCell.h */ = {isa = PBXFileReference; fileEncoding = 4; lastKnownFileType = sourcecode.c.h; path = EventCollectionViewCell.h; sourceTree = "<group>"; };
		5E106AE31B33153700554F74 /* EventCollectionViewCell.m */ = {isa = PBXFileReference; fileEncoding = 4; lastKnownFileType = sourcecode.c.objc; path = EventCollectionViewCell.m; sourceTree = "<group>"; };
		5E45D20E1B3201340029B420 /* TimetableCollectionView.app */ = {isa = PBXFileReference; explicitFileType = wrapper.application; includeInIndex = 0; path = TimetableCollectionView.app; sourceTree = BUILT_PRODUCTS_DIR; };
		5E45D2121B3201340029B420 /* Info.plist */ = {isa = PBXFileReference; lastKnownFileType = text.plist.xml; path = Info.plist; sourceTree = "<group>"; };
		5E45D2131B3201340029B420 /* main.m */ = {isa = PBXFileReference; lastKnownFileType = sourcecode.c.objc; path = main.m; sourceTree = "<group>"; };
		5E45D2151B3201340029B420 /* AppDelegate.h */ = {isa = PBXFileReference; lastKnownFileType = sourcecode.c.h; path = AppDelegate.h; sourceTree = "<group>"; };
		5E45D2161B3201340029B420 /* AppDelegate.m */ = {isa = PBXFileReference; lastKnownFileType = sourcecode.c.objc; path = AppDelegate.m; sourceTree = "<group>"; };
		5E45D2181B3201340029B420 /* ViewController.h */ = {isa = PBXFileReference; lastKnownFileType = sourcecode.c.h; path = ViewController.h; sourceTree = "<group>"; };
		5E45D2191B3201340029B420 /* ViewController.m */ = {isa = PBXFileReference; lastKnownFileType = sourcecode.c.objc; path = ViewController.m; sourceTree = "<group>"; };
		5E45D21C1B3201340029B420 /* Base */ = {isa = PBXFileReference; lastKnownFileType = file.storyboard; name = Base; path = Base.lproj/Main.storyboard; sourceTree = "<group>"; };
		5E45D21E1B3201340029B420 /* Images.xcassets */ = {isa = PBXFileReference; lastKnownFileType = folder.assetcatalog; path = Images.xcassets; sourceTree = "<group>"; };
		5E45D2211B3201340029B420 /* Base */ = {isa = PBXFileReference; lastKnownFileType = file.xib; name = Base; path = Base.lproj/LaunchScreen.xib; sourceTree = "<group>"; };
		5E45D2271B3201340029B420 /* TimetableCollectionViewTests.xctest */ = {isa = PBXFileReference; explicitFileType = wrapper.cfbundle; includeInIndex = 0; path = TimetableCollectionViewTests.xctest; sourceTree = BUILT_PRODUCTS_DIR; };
		5E45D22C1B3201340029B420 /* Info.plist */ = {isa = PBXFileReference; lastKnownFileType = text.plist.xml; path = Info.plist; sourceTree = "<group>"; };
		5E45D22D1B3201340029B420 /* TimetableCollectionViewTests.m */ = {isa = PBXFileReference; lastKnownFileType = sourcecode.c.objc; path = TimetableCollectionViewTests.m; sourceTree = "<group>"; };
		5E45D2371B320E5F0029B420 /* TimetableCollectionViewLayout.h */ = {isa = PBXFileReference; fileEncoding = 4; lastKnownFileType = sourcecode.c.h; path = TimetableCollectionViewLayout.h; sourceTree = "<group>"; };
		5E45D2381B320E5F0029B420 /* TimetableCollectionViewLayout.m */ = {isa = PBXFileReference; fileEncoding = 4; lastKnownFileType = sourcecode.c.objc; path = TimetableCollectionViewLayout.m; sourceTree = "<group>"; };
		5EEC1AA51B33AB0C00DEE149 /* RightPadding10UILabel.h */ = {isa = PBXFileReference; fileEncoding = 4; lastKnownFileType = sourcecode.c.h; path = RightPadding10UILabel.h; sourceTree = "<group>"; };
		5EEC1AA61B33AB0C00DEE149 /* RightPadding10UILabel.m */ = {isa = PBXFileReference; fileEncoding = 4; lastKnownFileType = sourcecode.c.objc; path = RightPadding10UILabel.m; sourceTree = "<group>"; };
		5EF3636A1B34562F008AD563 /* NavViewController.h */ = {isa = PBXFileReference; fileEncoding = 4; lastKnownFileType = sourcecode.c.h; path = NavViewController.h; sourceTree = "<group>"; };
		5EF3636B1B34562F008AD563 /* NavViewController.m */ = {isa = PBXFileReference; fileEncoding = 4; lastKnownFileType = sourcecode.c.objc; path = NavViewController.m; sourceTree = "<group>"; };
/* End PBXFileReference section */

/* Begin PBXFrameworksBuildPhase section */
		5E45D20B1B3201340029B420 /* Frameworks */ = {
			isa = PBXFrameworksBuildPhase;
			buildActionMask = 2147483647;
			files = (
			);
			runOnlyForDeploymentPostprocessing = 0;
		};
		5E45D2241B3201340029B420 /* Frameworks */ = {
			isa = PBXFrameworksBuildPhase;
			buildActionMask = 2147483647;
			files = (
			);
			runOnlyForDeploymentPostprocessing = 0;
		};
/* End PBXFrameworksBuildPhase section */

/* Begin PBXGroup section */
		5E45D2051B3201340029B420 = {
			isa = PBXGroup;
			children = (
				5E45D2101B3201340029B420 /* TimetableCollectionView */,
				5E45D22A1B3201340029B420 /* TimetableCollectionViewTests */,
				5E45D20F1B3201340029B420 /* Products */,
			);
			sourceTree = "<group>";
		};
		5E45D20F1B3201340029B420 /* Products */ = {
			isa = PBXGroup;
			children = (
				5E45D20E1B3201340029B420 /* TimetableCollectionView.app */,
				5E45D2271B3201340029B420 /* TimetableCollectionViewTests.xctest */,
			);
			name = Products;
			sourceTree = "<group>";
		};
		5E45D2101B3201340029B420 /* TimetableCollectionView */ = {
			isa = PBXGroup;
			children = (
				5E45D2181B3201340029B420 /* ViewController.h */,
				5E45D2191B3201340029B420 /* ViewController.m */,
				5E45D2371B320E5F0029B420 /* TimetableCollectionViewLayout.h */,
				5E45D2381B320E5F0029B420 /* TimetableCollectionViewLayout.m */,
				5E106ADB1B330C6200554F74 /* WeekDayCollectionViewCell.h */,
				5E106ADC1B330C6200554F74 /* WeekDayCollectionViewCell.m */,
				5E106ADE1B3313B600554F74 /* WeekDayCollectionViewCell.xib */,
				5E106AE21B33153700554F74 /* EventCollectionViewCell.h */,
				5E106AE31B33153700554F74 /* EventCollectionViewCell.m */,
				5E106AE01B33151600554F74 /* EventCollectionViewCell.xib */,
				5E45D21B1B3201340029B420 /* Main.storyboard */,
				5E45D2201B3201340029B420 /* LaunchScreen.xib */,
				5E45D2111B3201340029B420 /* Supporting Files */,
				5EEC1AA51B33AB0C00DEE149 /* RightPadding10UILabel.h */,
				5EEC1AA61B33AB0C00DEE149 /* RightPadding10UILabel.m */,
				5EF3636A1B34562F008AD563 /* NavViewController.h */,
				5EF3636B1B34562F008AD563 /* NavViewController.m */,
			);
			path = TimetableCollectionView;
			sourceTree = "<group>";
		};
		5E45D2111B3201340029B420 /* Supporting Files */ = {
			isa = PBXGroup;
			children = (
				5E45D21E1B3201340029B420 /* Images.xcassets */,
				5E45D2151B3201340029B420 /* AppDelegate.h */,
				5E45D2161B3201340029B420 /* AppDelegate.m */,
				5E45D2121B3201340029B420 /* Info.plist */,
				5E45D2131B3201340029B420 /* main.m */,
			);
			name = "Supporting Files";
			sourceTree = "<group>";
		};
		5E45D22A1B3201340029B420 /* TimetableCollectionViewTests */ = {
			isa = PBXGroup;
			children = (
				5E45D22D1B3201340029B420 /* TimetableCollectionViewTests.m */,
				5E45D22B1B3201340029B420 /* Supporting Files */,
			);
			path = TimetableCollectionViewTests;
			sourceTree = "<group>";
		};
		5E45D22B1B3201340029B420 /* Supporting Files */ = {
			isa = PBXGroup;
			children = (
				5E45D22C1B3201340029B420 /* Info.plist */,
			);
			name = "Supporting Files";
			sourceTree = "<group>";
		};
/* End PBXGroup section */

/* Begin PBXNativeTarget section */
		5E45D20D1B3201340029B420 /* TimetableCollectionView */ = {
			isa = PBXNativeTarget;
			buildConfigurationList = 5E45D2311B3201340029B420 /* Build configuration list for PBXNativeTarget "TimetableCollectionView" */;
			buildPhases = (
				5E45D20A1B3201340029B420 /* Sources */,
				5E45D20B1B3201340029B420 /* Frameworks */,
				5E45D20C1B3201340029B420 /* Resources */,
			);
			buildRules = (
			);
			dependencies = (
			);
			name = TimetableCollectionView;
			productName = TimetableCollectionView;
			productReference = 5E45D20E1B3201340029B420 /* TimetableCollectionView.app */;
			productType = "com.apple.product-type.application";
		};
		5E45D2261B3201340029B420 /* TimetableCollectionViewTests */ = {
			isa = PBXNativeTarget;
			buildConfigurationList = 5E45D2341B3201340029B420 /* Build configuration list for PBXNativeTarget "TimetableCollectionViewTests" */;
			buildPhases = (
				5E45D2231B3201340029B420 /* Sources */,
				5E45D2241B3201340029B420 /* Frameworks */,
				5E45D2251B3201340029B420 /* Resources */,
			);
			buildRules = (
			);
			dependencies = (
				5E45D2291B3201340029B420 /* PBXTargetDependency */,
			);
			name = TimetableCollectionViewTests;
			productName = TimetableCollectionViewTests;
			productReference = 5E45D2271B3201340029B420 /* TimetableCollectionViewTests.xctest */;
			productType = "com.apple.product-type.bundle.unit-test";
		};
/* End PBXNativeTarget section */

/* Begin PBXProject section */
		5E45D2061B3201340029B420 /* Project object */ = {
			isa = PBXProject;
			attributes = {
				LastUpgradeCheck = 0630;
				ORGANIZATIONNAME = Tokenlab;
				TargetAttributes = {
					5E45D20D1B3201340029B420 = {
						CreatedOnToolsVersion = 6.3.2;
						DevelopmentTeam = 4EZK9PR9TK;
					};
					5E45D2261B3201340029B420 = {
						CreatedOnToolsVersion = 6.3.2;
						TestTargetID = 5E45D20D1B3201340029B420;
					};
				};
			};
			buildConfigurationList = 5E45D2091B3201340029B420 /* Build configuration list for PBXProject "TimetableCollectionView" */;
			compatibilityVersion = "Xcode 3.2";
			developmentRegion = English;
			hasScannedForEncodings = 0;
			knownRegions = (
				en,
				Base,
			);
			mainGroup = 5E45D2051B3201340029B420;
			productRefGroup = 5E45D20F1B3201340029B420 /* Products */;
			projectDirPath = "";
			projectRoot = "";
			targets = (
				5E45D20D1B3201340029B420 /* TimetableCollectionView */,
				5E45D2261B3201340029B420 /* TimetableCollectionViewTests */,
			);
		};
/* End PBXProject section */

/* Begin PBXResourcesBuildPhase section */
		5E45D20C1B3201340029B420 /* Resources */ = {
			isa = PBXResourcesBuildPhase;
			buildActionMask = 2147483647;
			files = (
				5E106ADF1B3313B600554F74 /* WeekDayCollectionViewCell.xib in Resources */,
				5E45D21D1B3201340029B420 /* Main.storyboard in Resources */,
				5E45D2221B3201340029B420 /* LaunchScreen.xib in Resources */,
				5E106AE11B33151600554F74 /* EventCollectionViewCell.xib in Resources */,
				5E45D21F1B3201340029B420 /* Images.xcassets in Resources */,
			);
			runOnlyForDeploymentPostprocessing = 0;
		};
		5E45D2251B3201340029B420 /* Resources */ = {
			isa = PBXResourcesBuildPhase;
			buildActionMask = 2147483647;
			files = (
			);
			runOnlyForDeploymentPostprocessing = 0;
		};
/* End PBXResourcesBuildPhase section */

/* Begin PBXSourcesBuildPhase section */
		5E45D20A1B3201340029B420 /* Sources */ = {
			isa = PBXSourcesBuildPhase;
			buildActionMask = 2147483647;
			files = (
				5E45D21A1B3201340029B420 /* ViewController.m in Sources */,
				5E45D2171B3201340029B420 /* AppDelegate.m in Sources */,
				5EF3636C1B34562F008AD563 /* NavViewController.m in Sources */,
				5E106AE41B33153700554F74 /* EventCollectionViewCell.m in Sources */,
				5EEC1AA71B33AB0C00DEE149 /* RightPadding10UILabel.m in Sources */,
				5E45D2391B320E5F0029B420 /* TimetableCollectionViewLayout.m in Sources */,
				5E45D2141B3201340029B420 /* main.m in Sources */,
				5E106ADD1B330C6200554F74 /* WeekDayCollectionViewCell.m in Sources */,
			);
			runOnlyForDeploymentPostprocessing = 0;
		};
		5E45D2231B3201340029B420 /* Sources */ = {
			isa = PBXSourcesBuildPhase;
			buildActionMask = 2147483647;
			files = (
				5E45D22E1B3201340029B420 /* TimetableCollectionViewTests.m in Sources */,
			);
			runOnlyForDeploymentPostprocessing = 0;
		};
/* End PBXSourcesBuildPhase section */

/* Begin PBXTargetDependency section */
		5E45D2291B3201340029B420 /* PBXTargetDependency */ = {
			isa = PBXTargetDependency;
			target = 5E45D20D1B3201340029B420 /* TimetableCollectionView */;
			targetProxy = 5E45D2281B3201340029B420 /* PBXContainerItemProxy */;
		};
/* End PBXTargetDependency section */

/* Begin PBXVariantGroup section */
		5E45D21B1B3201340029B420 /* Main.storyboard */ = {
			isa = PBXVariantGroup;
			children = (
				5E45D21C1B3201340029B420 /* Base */,
			);
			name = Main.storyboard;
			sourceTree = "<group>";
		};
		5E45D2201B3201340029B420 /* LaunchScreen.xib */ = {
			isa = PBXVariantGroup;
			children = (
				5E45D2211B3201340029B420 /* Base */,
			);
			name = LaunchScreen.xib;
			sourceTree = "<group>";
		};
/* End PBXVariantGroup section */

/* Begin XCBuildConfiguration section */
		5E45D22F1B3201340029B420 /* Debug */ = {
			isa = XCBuildConfiguration;
			buildSettings = {
				ALWAYS_SEARCH_USER_PATHS = NO;
				CLANG_CXX_LANGUAGE_STANDARD = "gnu++0x";
				CLANG_CXX_LIBRARY = "libc++";
				CLANG_ENABLE_MODULES = YES;
				CLANG_ENABLE_OBJC_ARC = YES;
				CLANG_WARN_BOOL_CONVERSION = YES;
				CLANG_WARN_CONSTANT_CONVERSION = YES;
				CLANG_WARN_DIRECT_OBJC_ISA_USAGE = YES_ERROR;
				CLANG_WARN_EMPTY_BODY = YES;
				CLANG_WARN_ENUM_CONVERSION = YES;
				CLANG_WARN_INT_CONVERSION = YES;
				CLANG_WARN_OBJC_ROOT_CLASS = YES_ERROR;
				CLANG_WARN_UNREACHABLE_CODE = YES;
				CLANG_WARN__DUPLICATE_METHOD_MATCH = YES;
				"CODE_SIGN_IDENTITY[sdk=iphoneos*]" = "iPhone Developer";
				COPY_PHASE_STRIP = NO;
				DEBUG_INFORMATION_FORMAT = "dwarf-with-dsym";
				ENABLE_STRICT_OBJC_MSGSEND = YES;
				GCC_C_LANGUAGE_STANDARD = gnu99;
				GCC_DYNAMIC_NO_PIC = NO;
				GCC_NO_COMMON_BLOCKS = YES;
				GCC_OPTIMIZATION_LEVEL = 0;
				GCC_PREPROCESSOR_DEFINITIONS = (
					"DEBUG=1",
					"$(inherited)",
				);
				GCC_SYMBOLS_PRIVATE_EXTERN = NO;
				GCC_WARN_64_TO_32_BIT_CONVERSION = YES;
				GCC_WARN_ABOUT_RETURN_TYPE = YES_ERROR;
				GCC_WARN_UNDECLARED_SELECTOR = YES;
				GCC_WARN_UNINITIALIZED_AUTOS = YES_AGGRESSIVE;
				GCC_WARN_UNUSED_FUNCTION = YES;
				GCC_WARN_UNUSED_VARIABLE = YES;
				IPHONEOS_DEPLOYMENT_TARGET = 8.3;
				MTL_ENABLE_DEBUG_INFO = YES;
				ONLY_ACTIVE_ARCH = YES;
				SDKROOT = iphoneos;
			};
			name = Debug;
		};
		5E45D2301B3201340029B420 /* Release */ = {
			isa = XCBuildConfiguration;
			buildSettings = {
				ALWAYS_SEARCH_USER_PATHS = NO;
				CLANG_CXX_LANGUAGE_STANDARD = "gnu++0x";
				CLANG_CXX_LIBRARY = "libc++";
				CLANG_ENABLE_MODULES = YES;
				CLANG_ENABLE_OBJC_ARC = YES;
				CLANG_WARN_BOOL_CONVERSION = YES;
				CLANG_WARN_CONSTANT_CONVERSION = YES;
				CLANG_WARN_DIRECT_OBJC_ISA_USAGE = YES_ERROR;
				CLANG_WARN_EMPTY_BODY = YES;
				CLANG_WARN_ENUM_CONVERSION = YES;
				CLANG_WARN_INT_CONVERSION = YES;
				CLANG_WARN_OBJC_ROOT_CLASS = YES_ERROR;
				CLANG_WARN_UNREACHABLE_CODE = YES;
				CLANG_WARN__DUPLICATE_METHOD_MATCH = YES;
				"CODE_SIGN_IDENTITY[sdk=iphoneos*]" = "iPhone Developer";
				COPY_PHASE_STRIP = NO;
				DEBUG_INFORMATION_FORMAT = "dwarf-with-dsym";
				ENABLE_NS_ASSERTIONS = NO;
				ENABLE_STRICT_OBJC_MSGSEND = YES;
				GCC_C_LANGUAGE_STANDARD = gnu99;
				GCC_NO_COMMON_BLOCKS = YES;
				GCC_WARN_64_TO_32_BIT_CONVERSION = YES;
				GCC_WARN_ABOUT_RETURN_TYPE = YES_ERROR;
				GCC_WARN_UNDECLARED_SELECTOR = YES;
				GCC_WARN_UNINITIALIZED_AUTOS = YES_AGGRESSIVE;
				GCC_WARN_UNUSED_FUNCTION = YES;
				GCC_WARN_UNUSED_VARIABLE = YES;
				IPHONEOS_DEPLOYMENT_TARGET = 8.3;
				MTL_ENABLE_DEBUG_INFO = NO;
				SDKROOT = iphoneos;
				VALIDATE_PRODUCT = YES;
			};
			name = Release;
		};
		5E45D2321B3201340029B420 /* Debug */ = {
			isa = XCBuildConfiguration;
			buildSettings = {
				ASSETCATALOG_COMPILER_APPICON_NAME = AppIcon;
				CODE_SIGN_IDENTITY = "iPhone Developer";
				"CODE_SIGN_IDENTITY[sdk=iphoneos*]" = "iPhone Developer";
				INFOPLIST_FILE = TimetableCollectionView/Info.plist;
				LD_RUNPATH_SEARCH_PATHS = "$(inherited) @executable_path/Frameworks";
				PRODUCT_NAME = "$(TARGET_NAME)";
				PROVISIONING_PROFILE = "";
			};
			name = Debug;
		};
		5E45D2331B3201340029B420 /* Release */ = {
			isa = XCBuildConfiguration;
			buildSettings = {
				ASSETCATALOG_COMPILER_APPICON_NAME = AppIcon;
				CODE_SIGN_IDENTITY = "iPhone Developer";
				"CODE_SIGN_IDENTITY[sdk=iphoneos*]" = "iPhone Developer";
				INFOPLIST_FILE = TimetableCollectionView/Info.plist;
				LD_RUNPATH_SEARCH_PATHS = "$(inherited) @executable_path/Frameworks";
				PRODUCT_NAME = "$(TARGET_NAME)";
				PROVISIONING_PROFILE = "";
			};
			name = Release;
		};
		5E45D2351B3201340029B420 /* Debug */ = {
			isa = XCBuildConfiguration;
			buildSettings = {
				BUNDLE_LOADER = "$(TEST_HOST)";
				FRAMEWORK_SEARCH_PATHS = (
					"$(SDKROOT)/Developer/Library/Frameworks",
					"$(inherited)",
				);
				GCC_PREPROCESSOR_DEFINITIONS = (
					"DEBUG=1",
					"$(inherited)",
				);
				INFOPLIST_FILE = TimetableCollectionViewTests/Info.plist;
				LD_RUNPATH_SEARCH_PATHS = "$(inherited) @executable_path/Frameworks @loader_path/Frameworks";
				PRODUCT_NAME = "$(TARGET_NAME)";
				TEST_HOST = "$(BUILT_PRODUCTS_DIR)/TimetableCollectionView.app/TimetableCollectionView";
			};
			name = Debug;
		};
		5E45D2361B3201340029B420 /* Release */ = {
			isa = XCBuildConfiguration;
			buildSettings = {
				BUNDLE_LOADER = "$(TEST_HOST)";
				FRAMEWORK_SEARCH_PATHS = (
					"$(SDKROOT)/Developer/Library/Frameworks",
					"$(inherited)",
				);
				INFOPLIST_FILE = TimetableCollectionViewTests/Info.plist;
				LD_RUNPATH_SEARCH_PATHS = "$(inherited) @executable_path/Frameworks @loader_path/Frameworks";
				PRODUCT_NAME = "$(TARGET_NAME)";
				TEST_HOST = "$(BUILT_PRODUCTS_DIR)/TimetableCollectionView.app/TimetableCollectionView";
			};
			name = Release;
		};
/* End XCBuildConfiguration section */

/* Begin XCConfigurationList section */
		5E45D2091B3201340029B420 /* Build configuration list for PBXProject "TimetableCollectionView" */ = {
			isa = XCConfigurationList;
			buildConfigurations = (
				5E45D22F1B3201340029B420 /* Debug */,
				5E45D2301B3201340029B420 /* Release */,
			);
			defaultConfigurationIsVisible = 0;
			defaultConfigurationName = Release;
		};
		5E45D2311B3201340029B420 /* Build configuration list for PBXNativeTarget "TimetableCollectionView" */ = {
			isa = XCConfigurationList;
			buildConfigurations = (
				5E45D2321B3201340029B420 /* Debug */,
				5E45D2331B3201340029B420 /* Release */,
			);
			defaultConfigurationIsVisible = 0;
			defaultConfigurationName = Release;
		};
		5E45D2341B3201340029B420 /* Build configuration list for PBXNativeTarget "TimetableCollectionViewTests" */ = {
			isa = XCConfigurationList;
			buildConfigurations = (
				5E45D2351B3201340029B420 /* Debug */,
				5E45D2361B3201340029B420 /* Release */,
			);
			defaultConfigurationIsVisible = 0;
			defaultConfigurationName = Release;
		};
/* End XCConfigurationList section */
	};
	rootObject = 5E45D2061B3201340029B420 /* Project object */;
}
